
Microsoft Visual Studio Solution File, Format Version 12.00
# Visual Studio Version 17
VisualStudioVersion = 17.11.35312.102
MinimumVisualStudioVersion = 10.0.40219.1
Project("{9A19103F-16F7-4668-BE54-9A1E7A4F7556}") = "FrontendService", "FrontendService\FrontendService.csproj", "{0AC082A0-E742-445F-8FE5-FE5D74E6E9F0}"
EndProject
Project("{9A19103F-16F7-4668-BE54-9A1E7A4F7556}") = "Tools", "Tools\Tools.csproj", "{C0F3D57F-C1A4-402D-A85F-D94762256F52}"
EndProject
Project("{9A19103F-16F7-4668-BE54-9A1E7A4F7556}") = "Common", "Common\Common.csproj", "{31078B08-816C-4988-8BEB-5A15EEA9D98E}"
EndProject
Project("{2150E333-8FDC-42A3-9474-1A3956D46DE8}") = "Services", "Services", "{282C7EF7-628C-482D-AC41-DC2BE77D605D}"
EndProject
Project("{2150E333-8FDC-42A3-9474-1A3956D46DE8}") = "Core", "Core", "{B888EB72-0D63-49D5-A799-0EF7C36B0001}"
EndProject
Project("{9A19103F-16F7-4668-BE54-9A1E7A4F7556}") = "BaseDAL", "Core\BaseDAL\BaseDAL.csproj", "{9E20E061-9F74-4FAF-926A-93698D735122}"
EndProject
Project("{9A19103F-16F7-4668-BE54-9A1E7A4F7556}") = "BaseBL", "Core\BaseBL\BaseBL.csproj", "{DA9D4FE3-D1B5-45A0-B256-53970830801D}"
EndProject
Project("{9A19103F-16F7-4668-BE54-9A1E7A4F7556}") = "EmailService", "Services\EmailService\EmailService.csproj", "{88B1E0E2-0619-48F7-8A06-076B65165F2B}"
EndProject
Project("{2150E333-8FDC-42A3-9474-1A3956D46DE8}") = "DALServices", "DALServices", "{28E994BF-AA07-48FD-B59C-49101490B7B3}"
EndProject
Project("{2150E333-8FDC-42A3-9474-1A3956D46DE8}") = "BLServices", "BLServices", "{BF5F76E8-AFE4-4F94-82C0-7838067EF0F9}"
EndProject
Project("{2150E333-8FDC-42A3-9474-1A3956D46DE8}") = "Players", "Players", "{D3D2B4B1-156C-4589-B23A-D512309C5D48}"
EndProject
Project("{9A19103F-16F7-4668-BE54-9A1E7A4F7556}") = "ProfileBackendService", "BLServices\Players\PlayersBackendService\ProfileBackendService.csproj", "{FDCA320A-F922-4D80-993C-C7494D52A2B5}"
EndProject
Project("{2150E333-8FDC-42A3-9474-1A3956D46DE8}") = "Players", "Players", "{4234F119-2B9E-466A-8664-2FD45CE00A72}"
EndProject
Project("{9A19103F-16F7-4668-BE54-9A1E7A4F7556}") = "PlayersDatabaseService", "DALServices\Players\UsersDatabaseService\PlayersDatabaseService.csproj", "{D9F2B436-A13F-43F7-A238-C5E7DABFB2F7}"
EndProject
Project("{2150E333-8FDC-42A3-9474-1A3956D46DE8}") = "DAL", "DAL", "{546AB089-46CF-47B3-9F38-38D4C592CA93}"
EndProject
Project("{9A19103F-16F7-4668-BE54-9A1E7A4F7556}") = "PlayersService.DAL.DbModels", "DALServices\Players\DAL\PlayersService.DAL.DbModels\PlayersService.DAL.DbModels.csproj", "{607E0ACE-FE8C-408E-B36E-5EFBD1C7C57D}"
EndProject
Project("{9A19103F-16F7-4668-BE54-9A1E7A4F7556}") = "PlayersService.DAL.Interfaces", "DALServices\Players\DAL\PlayersService.DAL.Interfaces\PlayersService.DAL.Interfaces.csproj", "{9C0B9BD0-5DBF-4AD7-884F-9978DBB407E7}"
EndProject
Project("{9A19103F-16F7-4668-BE54-9A1E7A4F7556}") = "PlayersService.DAL.SQL", "DALServices\Players\DAL\PlayersService.DAL.SQL\PlayersService.DAL.SQL.csproj", "{6F73A599-10A9-43E6-A3C3-D41A84D6F5BF}"
EndProject
Project("{2150E333-8FDC-42A3-9474-1A3956D46DE8}") = "PLServices", "PLServices", "{39D62433-667E-4404-8746-08078B143A3A}"
EndProject
Project("{9A19103F-16F7-4668-BE54-9A1E7A4F7556}") = "PlayersApiService", "PLServices\PlayersApiService\PlayersApiService.csproj", "{5FD9B04D-54A5-462E-861B-3D27934077A9}"
EndProject
Project("{FAE04EC0-301F-11D3-BF4B-00C04F79EFBC}") = "Contracts", "Core\Contracts\Contracts.csproj", "{DDC0CB72-5BB9-4BEA-BF0D-E23A69D05BEA}"
EndProject
Global
	GlobalSection(SolutionConfigurationPlatforms) = preSolution
		Debug|Any CPU = Debug|Any CPU
		Release|Any CPU = Release|Any CPU
	EndGlobalSection
	GlobalSection(ProjectConfigurationPlatforms) = postSolution
		{0AC082A0-E742-445F-8FE5-FE5D74E6E9F0}.Debug|Any CPU.ActiveCfg = Debug|Any CPU
		{0AC082A0-E742-445F-8FE5-FE5D74E6E9F0}.Debug|Any CPU.Build.0 = Debug|Any CPU
		{0AC082A0-E742-445F-8FE5-FE5D74E6E9F0}.Release|Any CPU.ActiveCfg = Release|Any CPU
		{0AC082A0-E742-445F-8FE5-FE5D74E6E9F0}.Release|Any CPU.Build.0 = Release|Any CPU
		{C0F3D57F-C1A4-402D-A85F-D94762256F52}.Debug|Any CPU.ActiveCfg = Debug|Any CPU
		{C0F3D57F-C1A4-402D-A85F-D94762256F52}.Debug|Any CPU.Build.0 = Debug|Any CPU
		{C0F3D57F-C1A4-402D-A85F-D94762256F52}.Release|Any CPU.ActiveCfg = Release|Any CPU
		{C0F3D57F-C1A4-402D-A85F-D94762256F52}.Release|Any CPU.Build.0 = Release|Any CPU
		{31078B08-816C-4988-8BEB-5A15EEA9D98E}.Debug|Any CPU.ActiveCfg = Debug|Any CPU
		{31078B08-816C-4988-8BEB-5A15EEA9D98E}.Debug|Any CPU.Build.0 = Debug|Any CPU
		{31078B08-816C-4988-8BEB-5A15EEA9D98E}.Release|Any CPU.ActiveCfg = Release|Any CPU
		{31078B08-816C-4988-8BEB-5A15EEA9D98E}.Release|Any CPU.Build.0 = Release|Any CPU
		{9E20E061-9F74-4FAF-926A-93698D735122}.Debug|Any CPU.ActiveCfg = Debug|Any CPU
		{9E20E061-9F74-4FAF-926A-93698D735122}.Debug|Any CPU.Build.0 = Debug|Any CPU
		{9E20E061-9F74-4FAF-926A-93698D735122}.Release|Any CPU.ActiveCfg = Release|Any CPU
		{9E20E061-9F74-4FAF-926A-93698D735122}.Release|Any CPU.Build.0 = Release|Any CPU
		{DA9D4FE3-D1B5-45A0-B256-53970830801D}.Debug|Any CPU.ActiveCfg = Debug|Any CPU
		{DA9D4FE3-D1B5-45A0-B256-53970830801D}.Debug|Any CPU.Build.0 = Debug|Any CPU
		{DA9D4FE3-D1B5-45A0-B256-53970830801D}.Release|Any CPU.ActiveCfg = Release|Any CPU
		{DA9D4FE3-D1B5-45A0-B256-53970830801D}.Release|Any CPU.Build.0 = Release|Any CPU
		{88B1E0E2-0619-48F7-8A06-076B65165F2B}.Debug|Any CPU.ActiveCfg = Debug|Any CPU
		{88B1E0E2-0619-48F7-8A06-076B65165F2B}.Debug|Any CPU.Build.0 = Debug|Any CPU
		{88B1E0E2-0619-48F7-8A06-076B65165F2B}.Release|Any CPU.ActiveCfg = Release|Any CPU
		{88B1E0E2-0619-48F7-8A06-076B65165F2B}.Release|Any CPU.Build.0 = Release|Any CPU
		{FDCA320A-F922-4D80-993C-C7494D52A2B5}.Debug|Any CPU.ActiveCfg = Debug|Any CPU
		{FDCA320A-F922-4D80-993C-C7494D52A2B5}.Debug|Any CPU.Build.0 = Debug|Any CPU
		{FDCA320A-F922-4D80-993C-C7494D52A2B5}.Release|Any CPU.ActiveCfg = Release|Any CPU
		{FDCA320A-F922-4D80-993C-C7494D52A2B5}.Release|Any CPU.Build.0 = Release|Any CPU
		{D9F2B436-A13F-43F7-A238-C5E7DABFB2F7}.Debug|Any CPU.ActiveCfg = Debug|Any CPU
		{D9F2B436-A13F-43F7-A238-C5E7DABFB2F7}.Debug|Any CPU.Build.0 = Debug|Any CPU
		{D9F2B436-A13F-43F7-A238-C5E7DABFB2F7}.Release|Any CPU.ActiveCfg = Release|Any CPU
		{D9F2B436-A13F-43F7-A238-C5E7DABFB2F7}.Release|Any CPU.Build.0 = Release|Any CPU
		{607E0ACE-FE8C-408E-B36E-5EFBD1C7C57D}.Debug|Any CPU.ActiveCfg = Debug|Any CPU
		{607E0ACE-FE8C-408E-B36E-5EFBD1C7C57D}.Debug|Any CPU.Build.0 = Debug|Any CPU
		{607E0ACE-FE8C-408E-B36E-5EFBD1C7C57D}.Release|Any CPU.ActiveCfg = Release|Any CPU
		{607E0ACE-FE8C-408E-B36E-5EFBD1C7C57D}.Release|Any CPU.Build.0 = Release|Any CPU
		{9C0B9BD0-5DBF-4AD7-884F-9978DBB407E7}.Debug|Any CPU.ActiveCfg = Debug|Any CPU
		{9C0B9BD0-5DBF-4AD7-884F-9978DBB407E7}.Debug|Any CPU.Build.0 = Debug|Any CPU
		{9C0B9BD0-5DBF-4AD7-884F-9978DBB407E7}.Release|Any CPU.ActiveCfg = Release|Any CPU
		{9C0B9BD0-5DBF-4AD7-884F-9978DBB407E7}.Release|Any CPU.Build.0 = Release|Any CPU
		{6F73A599-10A9-43E6-A3C3-D41A84D6F5BF}.Debug|Any CPU.ActiveCfg = Debug|Any CPU
		{6F73A599-10A9-43E6-A3C3-D41A84D6F5BF}.Debug|Any CPU.Build.0 = Debug|Any CPU
		{6F73A599-10A9-43E6-A3C3-D41A84D6F5BF}.Release|Any CPU.ActiveCfg = Release|Any CPU
		{6F73A599-10A9-43E6-A3C3-D41A84D6F5BF}.Release|Any CPU.Build.0 = Release|Any CPU
		{5FD9B04D-54A5-462E-861B-3D27934077A9}.Debug|Any CPU.ActiveCfg = Debug|Any CPU
		{5FD9B04D-54A5-462E-861B-3D27934077A9}.Debug|Any CPU.Build.0 = Debug|Any CPU
		{5FD9B04D-54A5-462E-861B-3D27934077A9}.Release|Any CPU.ActiveCfg = Release|Any CPU
		{5FD9B04D-54A5-462E-861B-3D27934077A9}.Release|Any CPU.Build.0 = Release|Any CPU
		{DDC0CB72-5BB9-4BEA-BF0D-E23A69D05BEA}.Debug|Any CPU.ActiveCfg = Debug|Any CPU
		{DDC0CB72-5BB9-4BEA-BF0D-E23A69D05BEA}.Debug|Any CPU.Build.0 = Debug|Any CPU
		{DDC0CB72-5BB9-4BEA-BF0D-E23A69D05BEA}.Release|Any CPU.ActiveCfg = Release|Any CPU
		{DDC0CB72-5BB9-4BEA-BF0D-E23A69D05BEA}.Release|Any CPU.Build.0 = Release|Any CPU
	EndGlobalSection
	GlobalSection(SolutionProperties) = preSolution
		HideSolutionNode = FALSE
	EndGlobalSection
	GlobalSection(NestedProjects) = preSolution
		{9E20E061-9F74-4FAF-926A-93698D735122} = {B888EB72-0D63-49D5-A799-0EF7C36B0001}
		{DA9D4FE3-D1B5-45A0-B256-53970830801D} = {B888EB72-0D63-49D5-A799-0EF7C36B0001}
		{88B1E0E2-0619-48F7-8A06-076B65165F2B} = {282C7EF7-628C-482D-AC41-DC2BE77D605D}
		{D3D2B4B1-156C-4589-B23A-D512309C5D48} = {BF5F76E8-AFE4-4F94-82C0-7838067EF0F9}
		{FDCA320A-F922-4D80-993C-C7494D52A2B5} = {D3D2B4B1-156C-4589-B23A-D512309C5D48}
		{4234F119-2B9E-466A-8664-2FD45CE00A72} = {28E994BF-AA07-48FD-B59C-49101490B7B3}
		{D9F2B436-A13F-43F7-A238-C5E7DABFB2F7} = {4234F119-2B9E-466A-8664-2FD45CE00A72}
		{546AB089-46CF-47B3-9F38-38D4C592CA93} = {4234F119-2B9E-466A-8664-2FD45CE00A72}
		{607E0ACE-FE8C-408E-B36E-5EFBD1C7C57D} = {546AB089-46CF-47B3-9F38-38D4C592CA93}
		{9C0B9BD0-5DBF-4AD7-884F-9978DBB407E7} = {546AB089-46CF-47B3-9F38-38D4C592CA93}
		{6F73A599-10A9-43E6-A3C3-D41A84D6F5BF} = {546AB089-46CF-47B3-9F38-38D4C592CA93}
		{5FD9B04D-54A5-462E-861B-3D27934077A9} = {39D62433-667E-4404-8746-08078B143A3A}
		{DDC0CB72-5BB9-4BEA-BF0D-E23A69D05BEA} = {B888EB72-0D63-49D5-A799-0EF7C36B0001}
	EndGlobalSection
	GlobalSection(ExtensibilityGlobals) = postSolution
		SolutionGuid = {AF7927CF-8C05-423F-802C-BBCE8DF0F2AE}
	EndGlobalSection
EndGlobal
